{
  "name": "python-inline-sql-syntax",
  "version": "0.0.1",
  "lockfileVersion": 3,
  "requires": true,
  "packages": {
    "": {
      "name": "python-inline-sql-syntax",
      "version": "0.0.1",
      "license": "SEE LICENSE IN LICENSE",
      "engines": {
        "vscode": "^1.86.0"
      }
    }
  }
}
